
Microsoft Visual Studio Solution File, Format Version 12.00
Project("{8BC9CEB8-8B4A-11D0-8D11-00A0C91BC942}") = "Zad1", "Zad1\Zad1.vcxproj", "{7491BBA7-27D3-4A37-ABAD-A7AB3DEAFFD8}"
EndProject
Project("{8BC9CEB8-8B4A-11D0-8D11-00A0C91BC942}") = "Zad2", "Zad2\Zad2.vcxproj", "{CEC20419-DC33-49F3-8A0A-EE62CF96D832}"
EndProject
Project("{8BC9CEB8-8B4A-11D0-8D11-00A0C91BC941}") = "Zad3", "Zad3\Zad3.vcxproj", "{CEC20419-DC33-49F3-8A0A-EE62CF96D831}"
EndProject
Global
	GlobalSection(SolutionConfigurationPlatforms) = preSolution
		Debug|x64 = Debug|x64
		Release|x64 = Release|x64
	EndGlobalSection
	GlobalSection(ProjectConfigurationPlatforms) = postSolution
		{7491BBA7-27D3-4A37-ABAD-A7AB3DEAFFD8}.Debug|x64.ActiveCfg = Debug|x64
		{7491BBA7-27D3-4A37-ABAD-A7AB3DEAFFD8}.Debug|x64.Build.0 = Debug|x64
		{7491BBA7-27D3-4A37-ABAD-A7AB3DEAFFD8}.Release|x64.ActiveCfg = Release|x64
		{7491BBA7-27D3-4A37-ABAD-A7AB3DEAFFD8}.Release|x64.Build.0 = Release|x64
		{CEC20419-DC33-49F3-8A0A-EE62CF96D832}.Debug|x64.ActiveCfg = Debug|x64
		{CEC20419-DC33-49F3-8A0A-EE62CF96D832}.Debug|x64.Build.0 = Debug|x64
		{CEC20419-DC33-49F3-8A0A-EE62CF96D832}.Release|x64.ActiveCfg = Release|x64
		{CEC20419-DC33-49F3-8A0A-EE62CF96D832}.Release|x64.Build.0 = Release|x64
		{CEC20419-DC33-49F3-8A0A-EE62CF96D831}.Debug|x64.ActiveCfg = Debug|x64
		{CEC20419-DC33-49F3-8A0A-EE62CF96D831}.Debug|x64.Build.0 = Debug|x64
		{CEC20419-DC33-49F3-8A0A-EE62CF96D831}.Release|x64.ActiveCfg = Release|x64
		{CEC20419-DC33-49F3-8A0A-EE62CF96D831}.Release|x64.Build.0 = Release|x64
	EndGlobalSection
EndGlobal
